{
  "originHash" : "27005c63edb18c5f078afa77713c2990c6f22e93a0c8832978a42dc96928d7f1",
  "pins" : [
    {
      "identity" : "flyverifycsdkspm",
      "kind" : "remoteSourceControl",
      "location" : "https://github.com/275919229/FlyVerifyCSDKSPM.git",
      "state" : {
        "revision" : "049b79fe0408189878c24a0b8bb7fcaa854a0634",
        "version" : "1.0.1"
      }
    }
  ],
  "version" : 3
}
